// !$*UTF8*$!
{
	archiveVersion = 1;
	classes = {
	};
	objectVersion = 46;
	objects = {

/* Begin PBXBuildFile section */
		4F5916A7F0B341CDAE3328BC /* libPods.a in Frameworks */ = {isa = PBXBuildFile; fileRef = 367ED0AE31BD4C60B34A5B8E /* libPods.a */; };
		ED9DC8D418E3270600DF458C /* _Championship.m in Sources */ = {isa = PBXBuildFile; fileRef = ED9DC8CF18E3270600DF458C /* _Championship.m */; };
		ED9DC8D518E3270600DF458C /* _Match.m in Sources */ = {isa = PBXBuildFile; fileRef = ED9DC8D118E3270600DF458C /* _Match.m */; };
		ED9DC8D618E3270600DF458C /* _Team.m in Sources */ = {isa = PBXBuildFile; fileRef = ED9DC8D318E3270600DF458C /* _Team.m */; };
		ED9DC8DE18E3271900DF458C /* Championship.m in Sources */ = {isa = PBXBuildFile; fileRef = ED9DC8D918E3271900DF458C /* Championship.m */; };
		ED9DC8DF18E3271900DF458C /* Match.m in Sources */ = {isa = PBXBuildFile; fileRef = ED9DC8DB18E3271900DF458C /* Match.m */; };
		ED9DC8E018E3271900DF458C /* Team.m in Sources */ = {isa = PBXBuildFile; fileRef = ED9DC8DD18E3271900DF458C /* Team.m */; };
		ED9DC8E318E3285A00DF458C /* _FootblModel.m in Sources */ = {isa = PBXBuildFile; fileRef = ED9DC8E218E3285A00DF458C /* _FootblModel.m */; };
		ED9DC8E618E3286900DF458C /* FootblModel.m in Sources */ = {isa = PBXBuildFile; fileRef = ED9DC8E518E3286900DF458C /* FootblModel.m */; };
		ED9DC8E918E3330400DF458C /* _Comment.m in Sources */ = {isa = PBXBuildFile; fileRef = ED9DC8E818E3330400DF458C /* _Comment.m */; };
		ED9DC8EC18E3330D00DF458C /* Comment.m in Sources */ = {isa = PBXBuildFile; fileRef = ED9DC8EB18E3330D00DF458C /* Comment.m */; };
		EDB1D46618E1F18B00E0C949 /* Foundation.framework in Frameworks */ = {isa = PBXBuildFile; fileRef = EDB1D46518E1F18B00E0C949 /* Foundation.framework */; };
		EDB1D46818E1F18B00E0C949 /* CoreGraphics.framework in Frameworks */ = {isa = PBXBuildFile; fileRef = EDB1D46718E1F18B00E0C949 /* CoreGraphics.framework */; };
		EDB1D46A18E1F18B00E0C949 /* UIKit.framework in Frameworks */ = {isa = PBXBuildFile; fileRef = EDB1D46918E1F18B00E0C949 /* UIKit.framework */; };
		EDB1D46C18E1F18B00E0C949 /* CoreData.framework in Frameworks */ = {isa = PBXBuildFile; fileRef = EDB1D46B18E1F18B00E0C949 /* CoreData.framework */; };
		EDB1D47218E1F18B00E0C949 /* InfoPlist.strings in Resources */ = {isa = PBXBuildFile; fileRef = EDB1D47018E1F18B00E0C949 /* InfoPlist.strings */; };
		EDB1D47418E1F18B00E0C949 /* main.m in Sources */ = {isa = PBXBuildFile; fileRef = EDB1D47318E1F18B00E0C949 /* main.m */; };
		EDB1D47818E1F18B00E0C949 /* AppDelegate.m in Sources */ = {isa = PBXBuildFile; fileRef = EDB1D47718E1F18B00E0C949 /* AppDelegate.m */; };
		EDB1D47B18E1F18B00E0C949 /* Footbl.xcdatamodeld in Sources */ = {isa = PBXBuildFile; fileRef = EDB1D47918E1F18B00E0C949 /* Footbl.xcdatamodeld */; };
		EDB1D47D18E1F18B00E0C949 /* Images.xcassets in Resources */ = {isa = PBXBuildFile; fileRef = EDB1D47C18E1F18B00E0C949 /* Images.xcassets */; };
		EDB1D48418E1F18B00E0C949 /* XCTest.framework in Frameworks */ = {isa = PBXBuildFile; fileRef = EDB1D48318E1F18B00E0C949 /* XCTest.framework */; };
		EDB1D48518E1F18B00E0C949 /* Foundation.framework in Frameworks */ = {isa = PBXBuildFile; fileRef = EDB1D46518E1F18B00E0C949 /* Foundation.framework */; };
		EDB1D48618E1F18B00E0C949 /* UIKit.framework in Frameworks */ = {isa = PBXBuildFile; fileRef = EDB1D46918E1F18B00E0C949 /* UIKit.framework */; };
		EDB1D48718E1F18B00E0C949 /* CoreData.framework in Frameworks */ = {isa = PBXBuildFile; fileRef = EDB1D46B18E1F18B00E0C949 /* CoreData.framework */; };
		EDB1D48F18E1F18B00E0C949 /* InfoPlist.strings in Resources */ = {isa = PBXBuildFile; fileRef = EDB1D48D18E1F18B00E0C949 /* InfoPlist.strings */; };
		EDB1D49118E1F18B00E0C949 /* FootblTests.m in Sources */ = {isa = PBXBuildFile; fileRef = EDB1D49018E1F18B00E0C949 /* FootblTests.m */; };
		EDB1D4A518E1F43000E0C949 /* FootblAPI.m in Sources */ = {isa = PBXBuildFile; fileRef = EDB1D4A418E1F43000E0C949 /* FootblAPI.m */; };
		EDB1D4A818E1FB8000E0C949 /* NSString+SHA1.m in Sources */ = {isa = PBXBuildFile; fileRef = EDB1D4A718E1FB8000E0C949 /* NSString+SHA1.m */; };
		EDB1D4AB18E209E500E0C949 /* NSString+Hex.m in Sources */ = {isa = PBXBuildFile; fileRef = EDB1D4AA18E209E500E0C949 /* NSString+Hex.m */; };
		EDEFC64418E47D1C006DD33D /* ChampionshipsViewController.m in Sources */ = {isa = PBXBuildFile; fileRef = EDEFC64318E47D1C006DD33D /* ChampionshipsViewController.m */; };
		EDEFC64718E4884E006DD33D /* MatchesViewController.m in Sources */ = {isa = PBXBuildFile; fileRef = EDEFC64618E4884E006DD33D /* MatchesViewController.m */; };
		EDEFC64A18E48C25006DD33D /* MatchTableViewCell.m in Sources */ = {isa = PBXBuildFile; fileRef = EDEFC64918E48C25006DD33D /* MatchTableViewCell.m */; };
		EDEFC64D18E48D1B006DD33D /* TeamsViewController.m in Sources */ = {isa = PBXBuildFile; fileRef = EDEFC64C18E48D1B006DD33D /* TeamsViewController.m */; };
/* End PBXBuildFile section */

/* Begin PBXContainerItemProxy section */
		EDB1D48818E1F18B00E0C949 /* PBXContainerItemProxy */ = {
			isa = PBXContainerItemProxy;
			containerPortal = EDB1D45A18E1F18B00E0C949 /* Project object */;
			proxyType = 1;
			remoteGlobalIDString = EDB1D46118E1F18B00E0C949;
			remoteInfo = Footbl;
		};
/* End PBXContainerItemProxy section */

/* Begin PBXFileReference section */
		367ED0AE31BD4C60B34A5B8E /* libPods.a */ = {isa = PBXFileReference; explicitFileType = archive.ar; includeInIndex = 0; path = libPods.a; sourceTree = BUILT_PRODUCTS_DIR; };
		ED71846E6ADC42B088DC3378 /* Pods.xcconfig */ = {isa = PBXFileReference; includeInIndex = 1; lastKnownFileType = text.xcconfig; name = Pods.xcconfig; path = Pods/Pods.xcconfig; sourceTree = "<group>"; };
		ED9DC8CE18E3270600DF458C /* _Championship.h */ = {isa = PBXFileReference; fileEncoding = 4; lastKnownFileType = sourcecode.c.h; name = _Championship.h; path = Models/_Championship.h; sourceTree = "<group>"; };
		ED9DC8CF18E3270600DF458C /* _Championship.m */ = {isa = PBXFileReference; fileEncoding = 4; lastKnownFileType = sourcecode.c.objc; name = _Championship.m; path = Models/_Championship.m; sourceTree = "<group>"; };
		ED9DC8D018E3270600DF458C /* _Match.h */ = {isa = PBXFileReference; fileEncoding = 4; lastKnownFileType = sourcecode.c.h; name = _Match.h; path = Models/_Match.h; sourceTree = "<group>"; };
		ED9DC8D118E3270600DF458C /* _Match.m */ = {isa = PBXFileReference; fileEncoding = 4; lastKnownFileType = sourcecode.c.objc; name = _Match.m; path = Models/_Match.m; sourceTree = "<group>"; };
		ED9DC8D218E3270600DF458C /* _Team.h */ = {isa = PBXFileReference; fileEncoding = 4; lastKnownFileType = sourcecode.c.h; name = _Team.h; path = Models/_Team.h; sourceTree = "<group>"; };
		ED9DC8D318E3270600DF458C /* _Team.m */ = {isa = PBXFileReference; fileEncoding = 4; lastKnownFileType = sourcecode.c.objc; name = _Team.m; path = Models/_Team.m; sourceTree = "<group>"; };
		ED9DC8D818E3271900DF458C /* Championship.h */ = {isa = PBXFileReference; fileEncoding = 4; lastKnownFileType = sourcecode.c.h; name = Championship.h; path = Models/Championship.h; sourceTree = "<group>"; };
		ED9DC8D918E3271900DF458C /* Championship.m */ = {isa = PBXFileReference; fileEncoding = 4; lastKnownFileType = sourcecode.c.objc; name = Championship.m; path = Models/Championship.m; sourceTree = "<group>"; };
		ED9DC8DA18E3271900DF458C /* Match.h */ = {isa = PBXFileReference; fileEncoding = 4; lastKnownFileType = sourcecode.c.h; name = Match.h; path = Models/Match.h; sourceTree = "<group>"; };
		ED9DC8DB18E3271900DF458C /* Match.m */ = {isa = PBXFileReference; fileEncoding = 4; lastKnownFileType = sourcecode.c.objc; name = Match.m; path = Models/Match.m; sourceTree = "<group>"; };
		ED9DC8DC18E3271900DF458C /* Team.h */ = {isa = PBXFileReference; fileEncoding = 4; lastKnownFileType = sourcecode.c.h; name = Team.h; path = Models/Team.h; sourceTree = "<group>"; };
		ED9DC8DD18E3271900DF458C /* Team.m */ = {isa = PBXFileReference; fileEncoding = 4; lastKnownFileType = sourcecode.c.objc; name = Team.m; path = Models/Team.m; sourceTree = "<group>"; };
		ED9DC8E118E3285A00DF458C /* _FootblModel.h */ = {isa = PBXFileReference; fileEncoding = 4; lastKnownFileType = sourcecode.c.h; name = _FootblModel.h; path = Models/_FootblModel.h; sourceTree = "<group>"; };
		ED9DC8E218E3285A00DF458C /* _FootblModel.m */ = {isa = PBXFileReference; fileEncoding = 4; lastKnownFileType = sourcecode.c.objc; name = _FootblModel.m; path = Models/_FootblModel.m; sourceTree = "<group>"; };
		ED9DC8E418E3286900DF458C /* FootblModel.h */ = {isa = PBXFileReference; fileEncoding = 4; lastKnownFileType = sourcecode.c.h; name = FootblModel.h; path = Models/FootblModel.h; sourceTree = "<group>"; };
		ED9DC8E518E3286900DF458C /* FootblModel.m */ = {isa = PBXFileReference; fileEncoding = 4; lastKnownFileType = sourcecode.c.objc; name = FootblModel.m; path = Models/FootblModel.m; sourceTree = "<group>"; };
		ED9DC8E718E3330400DF458C /* _Comment.h */ = {isa = PBXFileReference; fileEncoding = 4; lastKnownFileType = sourcecode.c.h; name = _Comment.h; path = Models/_Comment.h; sourceTree = "<group>"; };
		ED9DC8E818E3330400DF458C /* _Comment.m */ = {isa = PBXFileReference; fileEncoding = 4; lastKnownFileType = sourcecode.c.objc; name = _Comment.m; path = Models/_Comment.m; sourceTree = "<group>"; };
		ED9DC8EA18E3330D00DF458C /* Comment.h */ = {isa = PBXFileReference; fileEncoding = 4; lastKnownFileType = sourcecode.c.h; name = Comment.h; path = Models/Comment.h; sourceTree = "<group>"; };
		ED9DC8EB18E3330D00DF458C /* Comment.m */ = {isa = PBXFileReference; fileEncoding = 4; lastKnownFileType = sourcecode.c.objc; name = Comment.m; path = Models/Comment.m; sourceTree = "<group>"; };
		EDB1D46218E1F18B00E0C949 /* Footbl.app */ = {isa = PBXFileReference; explicitFileType = wrapper.application; includeInIndex = 0; path = Footbl.app; sourceTree = BUILT_PRODUCTS_DIR; };
		EDB1D46518E1F18B00E0C949 /* Foundation.framework */ = {isa = PBXFileReference; lastKnownFileType = wrapper.framework; name = Foundation.framework; path = System/Library/Frameworks/Foundation.framework; sourceTree = SDKROOT; };
		EDB1D46718E1F18B00E0C949 /* CoreGraphics.framework */ = {isa = PBXFileReference; lastKnownFileType = wrapper.framework; name = CoreGraphics.framework; path = System/Library/Frameworks/CoreGraphics.framework; sourceTree = SDKROOT; };
		EDB1D46918E1F18B00E0C949 /* UIKit.framework */ = {isa = PBXFileReference; lastKnownFileType = wrapper.framework; name = UIKit.framework; path = System/Library/Frameworks/UIKit.framework; sourceTree = SDKROOT; };
		EDB1D46B18E1F18B00E0C949 /* CoreData.framework */ = {isa = PBXFileReference; lastKnownFileType = wrapper.framework; name = CoreData.framework; path = System/Library/Frameworks/CoreData.framework; sourceTree = SDKROOT; };
		EDB1D46F18E1F18B00E0C949 /* Footbl-Info.plist */ = {isa = PBXFileReference; lastKnownFileType = text.plist.xml; path = "Footbl-Info.plist"; sourceTree = "<group>"; };
		EDB1D47118E1F18B00E0C949 /* en */ = {isa = PBXFileReference; lastKnownFileType = text.plist.strings; name = en; path = en.lproj/InfoPlist.strings; sourceTree = "<group>"; };
		EDB1D47318E1F18B00E0C949 /* main.m */ = {isa = PBXFileReference; lastKnownFileType = sourcecode.c.objc; path = main.m; sourceTree = "<group>"; };
		EDB1D47518E1F18B00E0C949 /* Footbl-Prefix.pch */ = {isa = PBXFileReference; lastKnownFileType = sourcecode.c.h; path = "Footbl-Prefix.pch"; sourceTree = "<group>"; };
		EDB1D47618E1F18B00E0C949 /* AppDelegate.h */ = {isa = PBXFileReference; lastKnownFileType = sourcecode.c.h; path = AppDelegate.h; sourceTree = "<group>"; };
		EDB1D47718E1F18B00E0C949 /* AppDelegate.m */ = {isa = PBXFileReference; lastKnownFileType = sourcecode.c.objc; path = AppDelegate.m; sourceTree = "<group>"; };
		EDB1D47A18E1F18B00E0C949 /* Footbl.xcdatamodel */ = {isa = PBXFileReference; lastKnownFileType = wrapper.xcdatamodel; path = Footbl.xcdatamodel; sourceTree = "<group>"; };
		EDB1D47C18E1F18B00E0C949 /* Images.xcassets */ = {isa = PBXFileReference; lastKnownFileType = folder.assetcatalog; path = Images.xcassets; sourceTree = "<group>"; };
		EDB1D48218E1F18B00E0C949 /* FootblTests.xctest */ = {isa = PBXFileReference; explicitFileType = wrapper.cfbundle; includeInIndex = 0; path = FootblTests.xctest; sourceTree = BUILT_PRODUCTS_DIR; };
		EDB1D48318E1F18B00E0C949 /* XCTest.framework */ = {isa = PBXFileReference; lastKnownFileType = wrapper.framework; name = XCTest.framework; path = Library/Frameworks/XCTest.framework; sourceTree = DEVELOPER_DIR; };
		EDB1D48C18E1F18B00E0C949 /* FootblTests-Info.plist */ = {isa = PBXFileReference; lastKnownFileType = text.plist.xml; path = "FootblTests-Info.plist"; sourceTree = "<group>"; };
		EDB1D48E18E1F18B00E0C949 /* en */ = {isa = PBXFileReference; lastKnownFileType = text.plist.strings; name = en; path = en.lproj/InfoPlist.strings; sourceTree = "<group>"; };
		EDB1D49018E1F18B00E0C949 /* FootblTests.m */ = {isa = PBXFileReference; lastKnownFileType = sourcecode.c.objc; path = FootblTests.m; sourceTree = "<group>"; };
		EDB1D4A318E1F43000E0C949 /* FootblAPI.h */ = {isa = PBXFileReference; fileEncoding = 4; lastKnownFileType = sourcecode.c.h; path = FootblAPI.h; sourceTree = "<group>"; };
		EDB1D4A418E1F43000E0C949 /* FootblAPI.m */ = {isa = PBXFileReference; fileEncoding = 4; lastKnownFileType = sourcecode.c.objc; path = FootblAPI.m; sourceTree = "<group>"; };
		EDB1D4A618E1FB8000E0C949 /* NSString+SHA1.h */ = {isa = PBXFileReference; fileEncoding = 4; lastKnownFileType = sourcecode.c.h; path = "NSString+SHA1.h"; sourceTree = "<group>"; };
		EDB1D4A718E1FB8000E0C949 /* NSString+SHA1.m */ = {isa = PBXFileReference; fileEncoding = 4; lastKnownFileType = sourcecode.c.objc; path = "NSString+SHA1.m"; sourceTree = "<group>"; };
		EDB1D4A918E209E500E0C949 /* NSString+Hex.h */ = {isa = PBXFileReference; fileEncoding = 4; lastKnownFileType = sourcecode.c.h; path = "NSString+Hex.h"; sourceTree = "<group>"; };
		EDB1D4AA18E209E500E0C949 /* NSString+Hex.m */ = {isa = PBXFileReference; fileEncoding = 4; lastKnownFileType = sourcecode.c.objc; path = "NSString+Hex.m"; sourceTree = "<group>"; };
		EDEFC64218E47D1C006DD33D /* ChampionshipsViewController.h */ = {isa = PBXFileReference; fileEncoding = 4; lastKnownFileType = sourcecode.c.h; path = ChampionshipsViewController.h; sourceTree = "<group>"; };
		EDEFC64318E47D1C006DD33D /* ChampionshipsViewController.m */ = {isa = PBXFileReference; fileEncoding = 4; lastKnownFileType = sourcecode.c.objc; path = ChampionshipsViewController.m; sourceTree = "<group>"; };
		EDEFC64518E4884E006DD33D /* MatchesViewController.h */ = {isa = PBXFileReference; fileEncoding = 4; lastKnownFileType = sourcecode.c.h; path = MatchesViewController.h; sourceTree = "<group>"; };
		EDEFC64618E4884E006DD33D /* MatchesViewController.m */ = {isa = PBXFileReference; fileEncoding = 4; lastKnownFileType = sourcecode.c.objc; path = MatchesViewController.m; sourceTree = "<group>"; };
		EDEFC64818E48C25006DD33D /* MatchTableViewCell.h */ = {isa = PBXFileReference; fileEncoding = 4; lastKnownFileType = sourcecode.c.h; path = MatchTableViewCell.h; sourceTree = "<group>"; };
		EDEFC64918E48C25006DD33D /* MatchTableViewCell.m */ = {isa = PBXFileReference; fileEncoding = 4; lastKnownFileType = sourcecode.c.objc; path = MatchTableViewCell.m; sourceTree = "<group>"; };
		EDEFC64B18E48D1B006DD33D /* TeamsViewController.h */ = {isa = PBXFileReference; fileEncoding = 4; lastKnownFileType = sourcecode.c.h; path = TeamsViewController.h; sourceTree = "<group>"; };
		EDEFC64C18E48D1B006DD33D /* TeamsViewController.m */ = {isa = PBXFileReference; fileEncoding = 4; lastKnownFileType = sourcecode.c.objc; path = TeamsViewController.m; sourceTree = "<group>"; };
/* End PBXFileReference section */

/* Begin PBXFrameworksBuildPhase section */
		EDB1D45F18E1F18B00E0C949 /* Frameworks */ = {
			isa = PBXFrameworksBuildPhase;
			buildActionMask = 2147483647;
			files = (
				EDB1D46818E1F18B00E0C949 /* CoreGraphics.framework in Frameworks */,
				EDB1D46C18E1F18B00E0C949 /* CoreData.framework in Frameworks */,
				EDB1D46A18E1F18B00E0C949 /* UIKit.framework in Frameworks */,
				EDB1D46618E1F18B00E0C949 /* Foundation.framework in Frameworks */,
				4F5916A7F0B341CDAE3328BC /* libPods.a in Frameworks */,
			);
			runOnlyForDeploymentPostprocessing = 0;
		};
		EDB1D47F18E1F18B00E0C949 /* Frameworks */ = {
			isa = PBXFrameworksBuildPhase;
			buildActionMask = 2147483647;
			files = (
				EDB1D48418E1F18B00E0C949 /* XCTest.framework in Frameworks */,
				EDB1D48718E1F18B00E0C949 /* CoreData.framework in Frameworks */,
				EDB1D48618E1F18B00E0C949 /* UIKit.framework in Frameworks */,
				EDB1D48518E1F18B00E0C949 /* Foundation.framework in Frameworks */,
			);
			runOnlyForDeploymentPostprocessing = 0;
		};
/* End PBXFrameworksBuildPhase section */

/* Begin PBXGroup section */
		ED9DC8CD18E326FA00DF458C /* Machine */ = {
			isa = PBXGroup;
			children = (
				ED9DC8CE18E3270600DF458C /* _Championship.h */,
				ED9DC8CF18E3270600DF458C /* _Championship.m */,
				ED9DC8E718E3330400DF458C /* _Comment.h */,
				ED9DC8E818E3330400DF458C /* _Comment.m */,
				ED9DC8E118E3285A00DF458C /* _FootblModel.h */,
				ED9DC8E218E3285A00DF458C /* _FootblModel.m */,
				ED9DC8D018E3270600DF458C /* _Match.h */,
				ED9DC8D118E3270600DF458C /* _Match.m */,
				ED9DC8D218E3270600DF458C /* _Team.h */,
				ED9DC8D318E3270600DF458C /* _Team.m */,
			);
			name = Machine;
			sourceTree = "<group>";
		};
		EDB1D45918E1F18B00E0C949 = {
			isa = PBXGroup;
			children = (
				EDB1D46D18E1F18B00E0C949 /* Footbl */,
				EDB1D48A18E1F18B00E0C949 /* FootblTests */,
				EDB1D46418E1F18B00E0C949 /* Frameworks */,
				EDB1D46318E1F18B00E0C949 /* Products */,
				ED71846E6ADC42B088DC3378 /* Pods.xcconfig */,
			);
			sourceTree = "<group>";
		};
		EDB1D46318E1F18B00E0C949 /* Products */ = {
			isa = PBXGroup;
			children = (
				EDB1D46218E1F18B00E0C949 /* Footbl.app */,
				EDB1D48218E1F18B00E0C949 /* FootblTests.xctest */,
			);
			name = Products;
			sourceTree = "<group>";
		};
		EDB1D46418E1F18B00E0C949 /* Frameworks */ = {
			isa = PBXGroup;
			children = (
				EDB1D46518E1F18B00E0C949 /* Foundation.framework */,
				EDB1D46718E1F18B00E0C949 /* CoreGraphics.framework */,
				EDB1D46918E1F18B00E0C949 /* UIKit.framework */,
				EDB1D46B18E1F18B00E0C949 /* CoreData.framework */,
				EDB1D48318E1F18B00E0C949 /* XCTest.framework */,
				367ED0AE31BD4C60B34A5B8E /* libPods.a */,
			);
			name = Frameworks;
			sourceTree = "<group>";
		};
		EDB1D46D18E1F18B00E0C949 /* Footbl */ = {
			isa = PBXGroup;
			children = (
				EDB1D49D18E1F3CC00E0C949 /* Categories */,
				EDB1D4A018E1F3E000E0C949 /* Cells */,
				EDB1D49E18E1F3D200E0C949 /* Classes */,
				EDB1D47C18E1F18B00E0C949 /* Images.xcassets */,
				EDB1D46E18E1F18B00E0C949 /* Supporting Files */,
				EDB1D49F18E1F3D800E0C949 /* View Controllers */,
			);
			path = Footbl;
			sourceTree = "<group>";
		};
		EDB1D46E18E1F18B00E0C949 /* Supporting Files */ = {
			isa = PBXGroup;
			children = (
				EDB1D46F18E1F18B00E0C949 /* Footbl-Info.plist */,
				EDB1D47018E1F18B00E0C949 /* InfoPlist.strings */,
				EDB1D47318E1F18B00E0C949 /* main.m */,
				EDB1D47518E1F18B00E0C949 /* Footbl-Prefix.pch */,
			);
			name = "Supporting Files";
			sourceTree = "<group>";
		};
		EDB1D48A18E1F18B00E0C949 /* FootblTests */ = {
			isa = PBXGroup;
			children = (
				EDB1D49018E1F18B00E0C949 /* FootblTests.m */,
				EDB1D48B18E1F18B00E0C949 /* Supporting Files */,
			);
			path = FootblTests;
			sourceTree = "<group>";
		};
		EDB1D48B18E1F18B00E0C949 /* Supporting Files */ = {
			isa = PBXGroup;
			children = (
				EDB1D48C18E1F18B00E0C949 /* FootblTests-Info.plist */,
				EDB1D48D18E1F18B00E0C949 /* InfoPlist.strings */,
			);
			name = "Supporting Files";
			sourceTree = "<group>";
		};
		EDB1D49D18E1F3CC00E0C949 /* Categories */ = {
			isa = PBXGroup;
			children = (
				EDB1D4A918E209E500E0C949 /* NSString+Hex.h */,
				EDB1D4AA18E209E500E0C949 /* NSString+Hex.m */,
				EDB1D4A618E1FB8000E0C949 /* NSString+SHA1.h */,
				EDB1D4A718E1FB8000E0C949 /* NSString+SHA1.m */,
			);
			name = Categories;
			sourceTree = "<group>";
		};
		EDB1D49E18E1F3D200E0C949 /* Classes */ = {
			isa = PBXGroup;
			children = (
				EDB1D4A218E1F3F300E0C949 /* APIs */,
				EDB1D47618E1F18B00E0C949 /* AppDelegate.h */,
				EDB1D47718E1F18B00E0C949 /* AppDelegate.m */,
				EDB1D4A118E1F3EA00E0C949 /* Models */,
			);
			name = Classes;
			sourceTree = "<group>";
		};
		EDB1D49F18E1F3D800E0C949 /* View Controllers */ = {
			isa = PBXGroup;
			children = (
				EDEFC64218E47D1C006DD33D /* ChampionshipsViewController.h */,
				EDEFC64318E47D1C006DD33D /* ChampionshipsViewController.m */,
				EDEFC64518E4884E006DD33D /* MatchesViewController.h */,
				EDEFC64618E4884E006DD33D /* MatchesViewController.m */,
				EDEFC64B18E48D1B006DD33D /* TeamsViewController.h */,
				EDEFC64C18E48D1B006DD33D /* TeamsViewController.m */,
			);
			name = "View Controllers";
			sourceTree = "<group>";
		};
		EDB1D4A018E1F3E000E0C949 /* Cells */ = {
			isa = PBXGroup;
			children = (
				EDEFC64818E48C25006DD33D /* MatchTableViewCell.h */,
				EDEFC64918E48C25006DD33D /* MatchTableViewCell.m */,
			);
			name = Cells;
			sourceTree = "<group>";
		};
		EDB1D4A118E1F3EA00E0C949 /* Models */ = {
			isa = PBXGroup;
			children = (
				ED9DC8D818E3271900DF458C /* Championship.h */,
				ED9DC8D918E3271900DF458C /* Championship.m */,
				ED9DC8EA18E3330D00DF458C /* Comment.h */,
				ED9DC8EB18E3330D00DF458C /* Comment.m */,
				EDB1D47918E1F18B00E0C949 /* Footbl.xcdatamodeld */,
				ED9DC8E418E3286900DF458C /* FootblModel.h */,
				ED9DC8E518E3286900DF458C /* FootblModel.m */,
				ED9DC8CD18E326FA00DF458C /* Machine */,
				ED9DC8DA18E3271900DF458C /* Match.h */,
				ED9DC8DB18E3271900DF458C /* Match.m */,
				ED9DC8DC18E3271900DF458C /* Team.h */,
				ED9DC8DD18E3271900DF458C /* Team.m */,
			);
			name = Models;
			sourceTree = "<group>";
		};
		EDB1D4A218E1F3F300E0C949 /* APIs */ = {
			isa = PBXGroup;
			children = (
				EDB1D4A318E1F43000E0C949 /* FootblAPI.h */,
				EDB1D4A418E1F43000E0C949 /* FootblAPI.m */,
			);
			name = APIs;
			sourceTree = "<group>";
		};
/* End PBXGroup section */

/* Begin PBXNativeTarget section */
		EDB1D46118E1F18B00E0C949 /* Footbl */ = {
			isa = PBXNativeTarget;
			buildConfigurationList = EDB1D49418E1F18B00E0C949 /* Build configuration list for PBXNativeTarget "Footbl" */;
			buildPhases = (
				04C577D5C001442296EE2258 /* Check Pods Manifest.lock */,
				EDB1D45E18E1F18B00E0C949 /* Sources */,
				EDB1D45F18E1F18B00E0C949 /* Frameworks */,
				EDB1D46018E1F18B00E0C949 /* Resources */,
				3599099D53CB45E594284DB3 /* Copy Pods Resources */,
			);
			buildRules = (
			);
			dependencies = (
			);
			name = Footbl;
			productName = Footbl;
			productReference = EDB1D46218E1F18B00E0C949 /* Footbl.app */;
			productType = "com.apple.product-type.application";
		};
		EDB1D48118E1F18B00E0C949 /* FootblTests */ = {
			isa = PBXNativeTarget;
			buildConfigurationList = EDB1D49718E1F18B00E0C949 /* Build configuration list for PBXNativeTarget "FootblTests" */;
			buildPhases = (
				EDB1D47E18E1F18B00E0C949 /* Sources */,
				EDB1D47F18E1F18B00E0C949 /* Frameworks */,
				EDB1D48018E1F18B00E0C949 /* Resources */,
			);
			buildRules = (
			);
			dependencies = (
				EDB1D48918E1F18B00E0C949 /* PBXTargetDependency */,
			);
			name = FootblTests;
			productName = FootblTests;
			productReference = EDB1D48218E1F18B00E0C949 /* FootblTests.xctest */;
			productType = "com.apple.product-type.bundle.unit-test";
		};
/* End PBXNativeTarget section */

/* Begin PBXProject section */
		EDB1D45A18E1F18B00E0C949 /* Project object */ = {
			isa = PBXProject;
			attributes = {
				LastUpgradeCheck = 0510;
				ORGANIZATIONNAME = "made@sampa";
				TargetAttributes = {
					EDB1D48118E1F18B00E0C949 = {
						TestTargetID = EDB1D46118E1F18B00E0C949;
					};
				};
			};
			buildConfigurationList = EDB1D45D18E1F18B00E0C949 /* Build configuration list for PBXProject "Footbl" */;
			compatibilityVersion = "Xcode 3.2";
			developmentRegion = English;
			hasScannedForEncodings = 0;
			knownRegions = (
				en,
			);
			mainGroup = EDB1D45918E1F18B00E0C949;
			productRefGroup = EDB1D46318E1F18B00E0C949 /* Products */;
			projectDirPath = "";
			projectRoot = "";
			targets = (
				EDB1D46118E1F18B00E0C949 /* Footbl */,
				EDB1D48118E1F18B00E0C949 /* FootblTests */,
			);
		};
/* End PBXProject section */

/* Begin PBXResourcesBuildPhase section */
		EDB1D46018E1F18B00E0C949 /* Resources */ = {
			isa = PBXResourcesBuildPhase;
			buildActionMask = 2147483647;
			files = (
				EDB1D47218E1F18B00E0C949 /* InfoPlist.strings in Resources */,
				EDB1D47D18E1F18B00E0C949 /* Images.xcassets in Resources */,
			);
			runOnlyForDeploymentPostprocessing = 0;
		};
		EDB1D48018E1F18B00E0C949 /* Resources */ = {
			isa = PBXResourcesBuildPhase;
			buildActionMask = 2147483647;
			files = (
				EDB1D48F18E1F18B00E0C949 /* InfoPlist.strings in Resources */,
			);
			runOnlyForDeploymentPostprocessing = 0;
		};
/* End PBXResourcesBuildPhase section */

/* Begin PBXShellScriptBuildPhase section */
		04C577D5C001442296EE2258 /* Check Pods Manifest.lock */ = {
			isa = PBXShellScriptBuildPhase;
			buildActionMask = 2147483647;
			files = (
			);
			inputPaths = (
			);
			name = "Check Pods Manifest.lock";
			outputPaths = (
			);
			runOnlyForDeploymentPostprocessing = 0;
			shellPath = /bin/sh;
			shellScript = "diff \"${PODS_ROOT}/../Podfile.lock\" \"${PODS_ROOT}/Manifest.lock\" > /dev/null\nif [[ $? != 0 ]] ; then\n    cat << EOM\nerror: The sandbox is not in sync with the Podfile.lock. Run 'pod install' or update your CocoaPods installation.\nEOM\n    exit 1\nfi\n";
			showEnvVarsInLog = 0;
		};
		3599099D53CB45E594284DB3 /* Copy Pods Resources */ = {
			isa = PBXShellScriptBuildPhase;
			buildActionMask = 2147483647;
			files = (
			);
			inputPaths = (
			);
			name = "Copy Pods Resources";
			outputPaths = (
			);
			runOnlyForDeploymentPostprocessing = 0;
			shellPath = /bin/sh;
			shellScript = "\"${SRCROOT}/Pods/Pods-resources.sh\"\n";
			showEnvVarsInLog = 0;
		};
/* End PBXShellScriptBuildPhase section */

/* Begin PBXSourcesBuildPhase section */
		EDB1D45E18E1F18B00E0C949 /* Sources */ = {
			isa = PBXSourcesBuildPhase;
			buildActionMask = 2147483647;
			files = (
				ED9DC8E318E3285A00DF458C /* _FootblModel.m in Sources */,
				ED9DC8DE18E3271900DF458C /* Championship.m in Sources */,
				ED9DC8DF18E3271900DF458C /* Match.m in Sources */,
				EDB1D47818E1F18B00E0C949 /* AppDelegate.m in Sources */,
				EDB1D4AB18E209E500E0C949 /* NSString+Hex.m in Sources */,
				ED9DC8E018E3271900DF458C /* Team.m in Sources */,
				EDB1D4A818E1FB8000E0C949 /* NSString+SHA1.m in Sources */,
				ED9DC8EC18E3330D00DF458C /* Comment.m in Sources */,
				EDEFC64718E4884E006DD33D /* MatchesViewController.m in Sources */,
				EDEFC64418E47D1C006DD33D /* ChampionshipsViewController.m in Sources */,
				ED9DC8E618E3286900DF458C /* FootblModel.m in Sources */,
				EDEFC64A18E48C25006DD33D /* MatchTableViewCell.m in Sources */,
				ED9DC8D618E3270600DF458C /* _Team.m in Sources */,
				EDEFC64D18E48D1B006DD33D /* TeamsViewController.m in Sources */,
				EDB1D47418E1F18B00E0C949 /* main.m in Sources */,
				ED9DC8E918E3330400DF458C /* _Comment.m in Sources */,
				EDB1D4A518E1F43000E0C949 /* FootblAPI.m in Sources */,
				ED9DC8D418E3270600DF458C /* _Championship.m in Sources */,
				EDB1D47B18E1F18B00E0C949 /* Footbl.xcdatamodeld in Sources */,
				ED9DC8D518E3270600DF458C /* _Match.m in Sources */,
			);
			runOnlyForDeploymentPostprocessing = 0;
		};
		EDB1D47E18E1F18B00E0C949 /* Sources */ = {
			isa = PBXSourcesBuildPhase;
			buildActionMask = 2147483647;
			files = (
				EDB1D49118E1F18B00E0C949 /* FootblTests.m in Sources */,
			);
			runOnlyForDeploymentPostprocessing = 0;
		};
/* End PBXSourcesBuildPhase section */

/* Begin PBXTargetDependency section */
		EDB1D48918E1F18B00E0C949 /* PBXTargetDependency */ = {
			isa = PBXTargetDependency;
			target = EDB1D46118E1F18B00E0C949 /* Footbl */;
			targetProxy = EDB1D48818E1F18B00E0C949 /* PBXContainerItemProxy */;
		};
/* End PBXTargetDependency section */

/* Begin PBXVariantGroup section */
		EDB1D47018E1F18B00E0C949 /* InfoPlist.strings */ = {
			isa = PBXVariantGroup;
			children = (
				EDB1D47118E1F18B00E0C949 /* en */,
			);
			name = InfoPlist.strings;
			sourceTree = "<group>";
		};
		EDB1D48D18E1F18B00E0C949 /* InfoPlist.strings */ = {
			isa = PBXVariantGroup;
			children = (
				EDB1D48E18E1F18B00E0C949 /* en */,
			);
			name = InfoPlist.strings;
			sourceTree = "<group>";
		};
/* End PBXVariantGroup section */

/* Begin XCBuildConfiguration section */
		EDB1D49218E1F18B00E0C949 /* Debug */ = {
			isa = XCBuildConfiguration;
			buildSettings = {
				ALWAYS_SEARCH_USER_PATHS = NO;
				CLANG_CXX_LANGUAGE_STANDARD = "gnu++0x";
				CLANG_CXX_LIBRARY = "libc++";
				CLANG_ENABLE_MODULES = YES;
				CLANG_ENABLE_OBJC_ARC = YES;
				CLANG_WARN_BOOL_CONVERSION = YES;
				CLANG_WARN_CONSTANT_CONVERSION = YES;
				CLANG_WARN_DIRECT_OBJC_ISA_USAGE = YES_ERROR;
				CLANG_WARN_EMPTY_BODY = YES;
				CLANG_WARN_ENUM_CONVERSION = YES;
				CLANG_WARN_INT_CONVERSION = YES;
				CLANG_WARN_OBJC_ROOT_CLASS = YES_ERROR;
				CLANG_WARN__DUPLICATE_METHOD_MATCH = YES;
				"CODE_SIGN_IDENTITY[sdk=iphoneos*]" = "iPhone Developer";
				COPY_PHASE_STRIP = NO;
				GCC_C_LANGUAGE_STANDARD = gnu99;
				GCC_DYNAMIC_NO_PIC = NO;
				GCC_OPTIMIZATION_LEVEL = 0;
				GCC_PREPROCESSOR_DEFINITIONS = (
					"DEBUG=1",
					"$(inherited)",
				);
				GCC_SYMBOLS_PRIVATE_EXTERN = NO;
				GCC_WARN_64_TO_32_BIT_CONVERSION = YES;
				GCC_WARN_ABOUT_RETURN_TYPE = YES_ERROR;
				GCC_WARN_UNDECLARED_SELECTOR = YES;
				GCC_WARN_UNINITIALIZED_AUTOS = YES_AGGRESSIVE;
				GCC_WARN_UNUSED_FUNCTION = YES;
				GCC_WARN_UNUSED_VARIABLE = YES;
				IPHONEOS_DEPLOYMENT_TARGET = 7.1;
				ONLY_ACTIVE_ARCH = YES;
				SDKROOT = iphoneos;
			};
			name = Debug;
		};
		EDB1D49318E1F18B00E0C949 /* Release */ = {
			isa = XCBuildConfiguration;
			buildSettings = {
				ALWAYS_SEARCH_USER_PATHS = NO;
				CLANG_CXX_LANGUAGE_STANDARD = "gnu++0x";
				CLANG_CXX_LIBRARY = "libc++";
				CLANG_ENABLE_MODULES = YES;
				CLANG_ENABLE_OBJC_ARC = YES;
				CLANG_WARN_BOOL_CONVERSION = YES;
				CLANG_WARN_CONSTANT_CONVERSION = YES;
				CLANG_WARN_DIRECT_OBJC_ISA_USAGE = YES_ERROR;
				CLANG_WARN_EMPTY_BODY = YES;
				CLANG_WARN_ENUM_CONVERSION = YES;
				CLANG_WARN_INT_CONVERSION = YES;
				CLANG_WARN_OBJC_ROOT_CLASS = YES_ERROR;
				CLANG_WARN__DUPLICATE_METHOD_MATCH = YES;
				"CODE_SIGN_IDENTITY[sdk=iphoneos*]" = "iPhone Developer";
				COPY_PHASE_STRIP = YES;
				ENABLE_NS_ASSERTIONS = NO;
				GCC_C_LANGUAGE_STANDARD = gnu99;
				GCC_WARN_64_TO_32_BIT_CONVERSION = YES;
				GCC_WARN_ABOUT_RETURN_TYPE = YES_ERROR;
				GCC_WARN_UNDECLARED_SELECTOR = YES;
				GCC_WARN_UNINITIALIZED_AUTOS = YES_AGGRESSIVE;
				GCC_WARN_UNUSED_FUNCTION = YES;
				GCC_WARN_UNUSED_VARIABLE = YES;
				IPHONEOS_DEPLOYMENT_TARGET = 7.1;
				SDKROOT = iphoneos;
				VALIDATE_PRODUCT = YES;
			};
			name = Release;
		};
		EDB1D49518E1F18B00E0C949 /* Debug */ = {
			isa = XCBuildConfiguration;
			baseConfigurationReference = ED71846E6ADC42B088DC3378 /* Pods.xcconfig */;
			buildSettings = {
				ASSETCATALOG_COMPILER_APPICON_NAME = AppIcon;
				ASSETCATALOG_COMPILER_LAUNCHIMAGE_NAME = LaunchImage;
				GCC_PRECOMPILE_PREFIX_HEADER = YES;
				GCC_PREFIX_HEADER = "Footbl/Footbl-Prefix.pch";
				INFOPLIST_FILE = "Footbl/Footbl-Info.plist";
				PRODUCT_NAME = "$(TARGET_NAME)";
				WRAPPER_EXTENSION = app;
			};
			name = Debug;
		};
		EDB1D49618E1F18B00E0C949 /* Release */ = {
			isa = XCBuildConfiguration;
			baseConfigurationReference = ED71846E6ADC42B088DC3378 /* Pods.xcconfig */;
			buildSettings = {
				ASSETCATALOG_COMPILER_APPICON_NAME = AppIcon;
				ASSETCATALOG_COMPILER_LAUNCHIMAGE_NAME = LaunchImage;
				GCC_PRECOMPILE_PREFIX_HEADER = YES;
				GCC_PREFIX_HEADER = "Footbl/Footbl-Prefix.pch";
				INFOPLIST_FILE = "Footbl/Footbl-Info.plist";
				PRODUCT_NAME = "$(TARGET_NAME)";
				WRAPPER_EXTENSION = app;
			};
			name = Release;
		};
		EDB1D49818E1F18B00E0C949 /* Debug */ = {
			isa = XCBuildConfiguration;
			buildSettings = {
				BUNDLE_LOADER = "$(BUILT_PRODUCTS_DIR)/Footbl.app/Footbl";
				FRAMEWORK_SEARCH_PATHS = (
					"$(SDKROOT)/Developer/Library/Frameworks",
					"$(inherited)",
					"$(DEVELOPER_FRAMEWORKS_DIR)",
				);
				GCC_PRECOMPILE_PREFIX_HEADER = YES;
				GCC_PREFIX_HEADER = "Footbl/Footbl-Prefix.pch";
				GCC_PREPROCESSOR_DEFINITIONS = (
					"DEBUG=1",
					"$(inherited)",
				);
				INFOPLIST_FILE = "FootblTests/FootblTests-Info.plist";
				PRODUCT_NAME = "$(TARGET_NAME)";
				TEST_HOST = "$(BUNDLE_LOADER)";
				WRAPPER_EXTENSION = xctest;
			};
			name = Debug;
		};
		EDB1D49918E1F18B00E0C949 /* Release */ = {
			isa = XCBuildConfiguration;
			buildSettings = {
				BUNDLE_LOADER = "$(BUILT_PRODUCTS_DIR)/Footbl.app/Footbl";
				FRAMEWORK_SEARCH_PATHS = (
					"$(SDKROOT)/Developer/Library/Frameworks",
					"$(inherited)",
					"$(DEVELOPER_FRAMEWORKS_DIR)",
				);
				GCC_PRECOMPILE_PREFIX_HEADER = YES;
				GCC_PREFIX_HEADER = "Footbl/Footbl-Prefix.pch";
				INFOPLIST_FILE = "FootblTests/FootblTests-Info.plist";
				PRODUCT_NAME = "$(TARGET_NAME)";
				TEST_HOST = "$(BUNDLE_LOADER)";
				WRAPPER_EXTENSION = xctest;
			};
			name = Release;
		};
/* End XCBuildConfiguration section */

/* Begin XCConfigurationList section */
		EDB1D45D18E1F18B00E0C949 /* Build configuration list for PBXProject "Footbl" */ = {
			isa = XCConfigurationList;
			buildConfigurations = (
				EDB1D49218E1F18B00E0C949 /* Debug */,
				EDB1D49318E1F18B00E0C949 /* Release */,
			);
			defaultConfigurationIsVisible = 0;
			defaultConfigurationName = Release;
		};
		EDB1D49418E1F18B00E0C949 /* Build configuration list for PBXNativeTarget "Footbl" */ = {
			isa = XCConfigurationList;
			buildConfigurations = (
				EDB1D49518E1F18B00E0C949 /* Debug */,
				EDB1D49618E1F18B00E0C949 /* Release */,
			);
			defaultConfigurationIsVisible = 0;
			defaultConfigurationName = Release;
		};
		EDB1D49718E1F18B00E0C949 /* Build configuration list for PBXNativeTarget "FootblTests" */ = {
			isa = XCConfigurationList;
			buildConfigurations = (
				EDB1D49818E1F18B00E0C949 /* Debug */,
				EDB1D49918E1F18B00E0C949 /* Release */,
			);
			defaultConfigurationIsVisible = 0;
			defaultConfigurationName = Release;
		};
/* End XCConfigurationList section */

/* Begin XCVersionGroup section */
		EDB1D47918E1F18B00E0C949 /* Footbl.xcdatamodeld */ = {
			isa = XCVersionGroup;
			children = (
				EDB1D47A18E1F18B00E0C949 /* Footbl.xcdatamodel */,
			);
			currentVersion = EDB1D47A18E1F18B00E0C949 /* Footbl.xcdatamodel */;
			path = Footbl.xcdatamodeld;
			sourceTree = "<group>";
			versionGroupType = wrapper.xcdatamodel;
		};
/* End XCVersionGroup section */
	};
	rootObject = EDB1D45A18E1F18B00E0C949 /* Project object */;
}
